
Microsoft Visual Studio Solution File, Format Version 12.00
# Visual Studio Version 17
VisualStudioVersion = 17.11.35312.102
MinimumVisualStudioVersion = 10.0.40219.1
Project("{FAE04EC0-301F-11D3-BF4B-00C04F79EFBC}") = "ConsoleApp8", "ConsoleApp8.csproj", "{894E7CAD-4099-4400-8CED-E6425732B50D}"
EndProject
Global
	GlobalSection(SolutionConfigurationPlatforms) = preSolution
		Debug|Any CPU = Debug|Any CPU
		Release|Any CPU = Release|Any CPU
	EndGlobalSection
	GlobalSection(ProjectConfigurationPlatforms) = postSolution
		{894E7CAD-4099-4400-8CED-E6425732B50D}.Debug|Any CPU.ActiveCfg = Debug|Any CPU
		{894E7CAD-4099-4400-8CED-E6425732B50D}.Debug|Any CPU.Build.0 = Debug|Any CPU
		{894E7CAD-4099-4400-8CED-E6425732B50D}.Release|Any CPU.ActiveCfg = Release|Any CPU
		{894E7CAD-4099-4400-8CED-E6425732B50D}.Release|Any CPU.Build.0 = Release|Any CPU
	EndGlobalSection
	GlobalSection(SolutionProperties) = preSolution
		HideSolutionNode = FALSE
	EndGlobalSection
	GlobalSection(ExtensibilityGlobals) = postSolution
		SolutionGuid = {3CD9EFA9-15E2-4BA0-BD10-E64CE8A798F3}
	EndGlobalSection
EndGlobal
